// !$*UTF8*$!
{
	archiveVersion = 1;
	classes = {
	};
	objectVersion = 46;
	objects = {

/* Begin PBXBuildFile section */
		74D3E27219C164B400FDD426 /* Foundation.framework in Frameworks */ = {isa = PBXBuildFile; fileRef = 74D3E27119C164B400FDD426 /* Foundation.framework */; };
		74D3E27419C164B400FDD426 /* CoreGraphics.framework in Frameworks */ = {isa = PBXBuildFile; fileRef = 74D3E27319C164B400FDD426 /* CoreGraphics.framework */; };
		74D3E27619C164B400FDD426 /* UIKit.framework in Frameworks */ = {isa = PBXBuildFile; fileRef = 74D3E27519C164B400FDD426 /* UIKit.framework */; };
		74D3E27C19C164B400FDD426 /* InfoPlist.strings in Resources */ = {isa = PBXBuildFile; fileRef = 74D3E27A19C164B400FDD426 /* InfoPlist.strings */; };
		74D3E27E19C164B400FDD426 /* main.m in Sources */ = {isa = PBXBuildFile; fileRef = 74D3E27D19C164B400FDD426 /* main.m */; };
		74D3E28219C164B400FDD426 /* SOAppDelegate.m in Sources */ = {isa = PBXBuildFile; fileRef = 74D3E28119C164B400FDD426 /* SOAppDelegate.m */; };
		74D3E28419C164B400FDD426 /* Images.xcassets in Resources */ = {isa = PBXBuildFile; fileRef = 74D3E28319C164B400FDD426 /* Images.xcassets */; };
		74D3E28B19C164B500FDD426 /* XCTest.framework in Frameworks */ = {isa = PBXBuildFile; fileRef = 74D3E28A19C164B500FDD426 /* XCTest.framework */; };
		74D3E28C19C164B500FDD426 /* Foundation.framework in Frameworks */ = {isa = PBXBuildFile; fileRef = 74D3E27119C164B400FDD426 /* Foundation.framework */; };
		74D3E28D19C164B500FDD426 /* UIKit.framework in Frameworks */ = {isa = PBXBuildFile; fileRef = 74D3E27519C164B400FDD426 /* UIKit.framework */; };
		74D3E29519C164B500FDD426 /* InfoPlist.strings in Resources */ = {isa = PBXBuildFile; fileRef = 74D3E29319C164B500FDD426 /* InfoPlist.strings */; };
		74D3E29719C164B500FDD426 /* ViewTestTests.m in Sources */ = {isa = PBXBuildFile; fileRef = 74D3E29619C164B500FDD426 /* ViewTestTests.m */; };
/* End PBXBuildFile section */

/* Begin PBXContainerItemProxy section */
		74D3E28E19C164B500FDD426 /* PBXContainerItemProxy */ = {
			isa = PBXContainerItemProxy;
			containerPortal = 74D3E26619C164B400FDD426 /* Project object */;
			proxyType = 1;
			remoteGlobalIDString = 74D3E26D19C164B400FDD426;
			remoteInfo = ViewTest;
		};
/* End PBXContainerItemProxy section */

/* Begin PBXFileReference section */
		74D3E26E19C164B400FDD426 /* ViewTest.app */ = {isa = PBXFileReference; explicitFileType = wrapper.application; includeInIndex = 0; path = ViewTest.app; sourceTree = BUILT_PRODUCTS_DIR; };
		74D3E27119C164B400FDD426 /* Foundation.framework */ = {isa = PBXFileReference; lastKnownFileType = wrapper.framework; name = Foundation.framework; path = System/Library/Frameworks/Foundation.framework; sourceTree = SDKROOT; };
		74D3E27319C164B400FDD426 /* CoreGraphics.framework */ = {isa = PBXFileReference; lastKnownFileType = wrapper.framework; name = CoreGraphics.framework; path = System/Library/Frameworks/CoreGraphics.framework; sourceTree = SDKROOT; };
		74D3E27519C164B400FDD426 /* UIKit.framework */ = {isa = PBXFileReference; lastKnownFileType = wrapper.framework; name = UIKit.framework; path = System/Library/Frameworks/UIKit.framework; sourceTree = SDKROOT; };
		74D3E27919C164B400FDD426 /* ViewTest-Info.plist */ = {isa = PBXFileReference; lastKnownFileType = text.plist.xml; path = "ViewTest-Info.plist"; sourceTree = "<group>"; };
		74D3E27B19C164B400FDD426 /* en */ = {isa = PBXFileReference; lastKnownFileType = text.plist.strings; name = en; path = en.lproj/InfoPlist.strings; sourceTree = "<group>"; };
		74D3E27D19C164B400FDD426 /* main.m */ = {isa = PBXFileReference; lastKnownFileType = sourcecode.c.objc; path = main.m; sourceTree = "<group>"; };
		74D3E27F19C164B400FDD426 /* ViewTest-Prefix.pch */ = {isa = PBXFileReference; lastKnownFileType = sourcecode.c.h; path = "ViewTest-Prefix.pch"; sourceTree = "<group>"; };
		74D3E28019C164B400FDD426 /* SOAppDelegate.h */ = {isa = PBXFileReference; lastKnownFileType = sourcecode.c.h; path = SOAppDelegate.h; sourceTree = "<group>"; };
		74D3E28119C164B400FDD426 /* SOAppDelegate.m */ = {isa = PBXFileReference; lastKnownFileType = sourcecode.c.objc; path = SOAppDelegate.m; sourceTree = "<group>"; };
		74D3E28319C164B400FDD426 /* Images.xcassets */ = {isa = PBXFileReference; lastKnownFileType = folder.assetcatalog; path = Images.xcassets; sourceTree = "<group>"; };
		74D3E28919C164B500FDD426 /* ViewTestTests.xctest */ = {isa = PBXFileReference; explicitFileType = wrapper.cfbundle; includeInIndex = 0; path = ViewTestTests.xctest; sourceTree = BUILT_PRODUCTS_DIR; };
		74D3E28A19C164B500FDD426 /* XCTest.framework */ = {isa = PBXFileReference; lastKnownFileType = wrapper.framework; name = XCTest.framework; path = Library/Frameworks/XCTest.framework; sourceTree = DEVELOPER_DIR; };
		74D3E29219C164B500FDD426 /* ViewTestTests-Info.plist */ = {isa = PBXFileReference; lastKnownFileType = text.plist.xml; path = "ViewTestTests-Info.plist"; sourceTree = "<group>"; };
		74D3E29419C164B500FDD426 /* en */ = {isa = PBXFileReference; lastKnownFileType = text.plist.strings; name = en; path = en.lproj/InfoPlist.strings; sourceTree = "<group>"; };
		74D3E29619C164B500FDD426 /* ViewTestTests.m */ = {isa = PBXFileReference; lastKnownFileType = sourcecode.c.objc; path = ViewTestTests.m; sourceTree = "<group>"; };
/* End PBXFileReference section */

/* Begin PBXFrameworksBuildPhase section */
		74D3E26B19C164B400FDD426 /* Frameworks */ = {
			isa = PBXFrameworksBuildPhase;
			buildActionMask = 2147483647;
			files = (
				74D3E27419C164B400FDD426 /* CoreGraphics.framework in Frameworks */,
				74D3E27619C164B400FDD426 /* UIKit.framework in Frameworks */,
				74D3E27219C164B400FDD426 /* Foundation.framework in Frameworks */,
			);
			runOnlyForDeploymentPostprocessing = 0;
		};
		74D3E28619C164B500FDD426 /* Frameworks */ = {
			isa = PBXFrameworksBuildPhase;
			buildActionMask = 2147483647;
			files = (
				74D3E28B19C164B500FDD426 /* XCTest.framework in Frameworks */,
				74D3E28D19C164B500FDD426 /* UIKit.framework in Frameworks */,
				74D3E28C19C164B500FDD426 /* Foundation.framework in Frameworks */,
			);
			runOnlyForDeploymentPostprocessing = 0;
		};
/* End PBXFrameworksBuildPhase section */

/* Begin PBXGroup section */
		74D3E26519C164B400FDD426 = {
			isa = PBXGroup;
			children = (
				74D3E27719C164B400FDD426 /* ViewTest */,
				74D3E29019C164B500FDD426 /* ViewTestTests */,
				74D3E27019C164B400FDD426 /* Frameworks */,
				74D3E26F19C164B400FDD426 /* Products */,
			);
			sourceTree = "<group>";
		};
		74D3E26F19C164B400FDD426 /* Products */ = {
			isa = PBXGroup;
			children = (
				74D3E26E19C164B400FDD426 /* ViewTest.app */,
				74D3E28919C164B500FDD426 /* ViewTestTests.xctest */,
			);
			name = Products;
			sourceTree = "<group>";
		};
		74D3E27019C164B400FDD426 /* Frameworks */ = {
			isa = PBXGroup;
			children = (
				74D3E27119C164B400FDD426 /* Foundation.framework */,
				74D3E27319C164B400FDD426 /* CoreGraphics.framework */,
				74D3E27519C164B400FDD426 /* UIKit.framework */,
				74D3E28A19C164B500FDD426 /* XCTest.framework */,
			);
			name = Frameworks;
			sourceTree = "<group>";
		};
		74D3E27719C164B400FDD426 /* ViewTest */ = {
			isa = PBXGroup;
			children = (
				74D3E28019C164B400FDD426 /* SOAppDelegate.h */,
				74D3E28119C164B400FDD426 /* SOAppDelegate.m */,
				74D3E28319C164B400FDD426 /* Images.xcassets */,
				74D3E27819C164B400FDD426 /* Supporting Files */,
			);
			path = ViewTest;
			sourceTree = "<group>";
		};
		74D3E27819C164B400FDD426 /* Supporting Files */ = {
			isa = PBXGroup;
			children = (
				74D3E27919C164B400FDD426 /* ViewTest-Info.plist */,
				74D3E27A19C164B400FDD426 /* InfoPlist.strings */,
				74D3E27D19C164B400FDD426 /* main.m */,
				74D3E27F19C164B400FDD426 /* ViewTest-Prefix.pch */,
			);
			name = "Supporting Files";
			sourceTree = "<group>";
		};
		74D3E29019C164B500FDD426 /* ViewTestTests */ = {
			isa = PBXGroup;
			children = (
				74D3E29619C164B500FDD426 /* ViewTestTests.m */,
				74D3E29119C164B500FDD426 /* Supporting Files */,
			);
			path = ViewTestTests;
			sourceTree = "<group>";
		};
		74D3E29119C164B500FDD426 /* Supporting Files */ = {
			isa = PBXGroup;
			children = (
				74D3E29219C164B500FDD426 /* ViewTestTests-Info.plist */,
				74D3E29319C164B500FDD426 /* InfoPlist.strings */,
			);
			name = "Supporting Files";
			sourceTree = "<group>";
		};
/* End PBXGroup section */

/* Begin PBXNativeTarget section */
		74D3E26D19C164B400FDD426 /* ViewTest */ = {
			isa = PBXNativeTarget;
			buildConfigurationList = 74D3E29A19C164B500FDD426 /* Build configuration list for PBXNativeTarget "ViewTest" */;
			buildPhases = (
				74D3E26A19C164B400FDD426 /* Sources */,
				74D3E26B19C164B400FDD426 /* Frameworks */,
				74D3E26C19C164B400FDD426 /* Resources */,
			);
			buildRules = (
			);
			dependencies = (
			);
			name = ViewTest;
			productName = ViewTest;
			productReference = 74D3E26E19C164B400FDD426 /* ViewTest.app */;
			productType = "com.apple.product-type.application";
		};
		74D3E28819C164B500FDD426 /* ViewTestTests */ = {
			isa = PBXNativeTarget;
			buildConfigurationList = 74D3E29D19C164B500FDD426 /* Build configuration list for PBXNativeTarget "ViewTestTests" */;
			buildPhases = (
				74D3E28519C164B500FDD426 /* Sources */,
				74D3E28619C164B500FDD426 /* Frameworks */,
				74D3E28719C164B500FDD426 /* Resources */,
			);
			buildRules = (
			);
			dependencies = (
				74D3E28F19C164B500FDD426 /* PBXTargetDependency */,
			);
			name = ViewTestTests;
			productName = ViewTestTests;
			productReference = 74D3E28919C164B500FDD426 /* ViewTestTests.xctest */;
			productType = "com.apple.product-type.bundle.unit-test";
		};
/* End PBXNativeTarget section */

/* Begin PBXProject section */
		74D3E26619C164B400FDD426 /* Project object */ = {
			isa = PBXProject;
			attributes = {
				CLASSPREFIX = SO;
				LastUpgradeCheck = 0510;
				ORGANIZATIONNAME = "Sean O'Keeffe";
				TargetAttributes = {
					74D3E28819C164B500FDD426 = {
						TestTargetID = 74D3E26D19C164B400FDD426;
					};
				};
			};
			buildConfigurationList = 74D3E26919C164B400FDD426 /* Build configuration list for PBXProject "ViewTest" */;
			compatibilityVersion = "Xcode 3.2";
			developmentRegion = English;
			hasScannedForEncodings = 0;
			knownRegions = (
				en,
			);
			mainGroup = 74D3E26519C164B400FDD426;
			productRefGroup = 74D3E26F19C164B400FDD426 /* Products */;
			projectDirPath = "";
			projectRoot = "";
			targets = (
				74D3E26D19C164B400FDD426 /* ViewTest */,
				74D3E28819C164B500FDD426 /* ViewTestTests */,
			);
		};
/* End PBXProject section */

/* Begin PBXResourcesBuildPhase section */
		74D3E26C19C164B400FDD426 /* Resources */ = {
			isa = PBXResourcesBuildPhase;
			buildActionMask = 2147483647;
			files = (
				74D3E27C19C164B400FDD426 /* InfoPlist.strings in Resources */,
				74D3E28419C164B400FDD426 /* Images.xcassets in Resources */,
			);
			runOnlyForDeploymentPostprocessing = 0;
		};
		74D3E28719C164B500FDD426 /* Resources */ = {
			isa = PBXResourcesBuildPhase;
			buildActionMask = 2147483647;
			files = (
				74D3E29519C164B500FDD426 /* InfoPlist.strings in Resources */,
			);
			runOnlyForDeploymentPostprocessing = 0;
		};
/* End PBXResourcesBuildPhase section */

/* Begin PBXSourcesBuildPhase section */
		74D3E26A19C164B400FDD426 /* Sources */ = {
			isa = PBXSourcesBuildPhase;
			buildActionMask = 2147483647;
			files = (
				74D3E28219C164B400FDD426 /* SOAppDelegate.m in Sources */,
				74D3E27E19C164B400FDD426 /* main.m in Sources */,
			);
			runOnlyForDeploymentPostprocessing = 0;
		};
		74D3E28519C164B500FDD426 /* Sources */ = {
			isa = PBXSourcesBuildPhase;
			buildActionMask = 2147483647;
			files = (
				74D3E29719C164B500FDD426 /* ViewTestTests.m in Sources */,
			);
			runOnlyForDeploymentPostprocessing = 0;
		};
/* End PBXSourcesBuildPhase section */

/* Begin PBXTargetDependency section */
		74D3E28F19C164B500FDD426 /* PBXTargetDependency */ = {
			isa = PBXTargetDependency;
			target = 74D3E26D19C164B400FDD426 /* ViewTest */;
			targetProxy = 74D3E28E19C164B500FDD426 /* PBXContainerItemProxy */;
		};
/* End PBXTargetDependency section */

/* Begin PBXVariantGroup section */
		74D3E27A19C164B400FDD426 /* InfoPlist.strings */ = {
			isa = PBXVariantGroup;
			children = (
				74D3E27B19C164B400FDD426 /* en */,
			);
			name = InfoPlist.strings;
			sourceTree = "<group>";
		};
		74D3E29319C164B500FDD426 /* InfoPlist.strings */ = {
			isa = PBXVariantGroup;
			children = (
				74D3E29419C164B500FDD426 /* en */,
			);
			name = InfoPlist.strings;
			sourceTree = "<group>";
		};
/* End PBXVariantGroup section */

/* Begin XCBuildConfiguration section */
		74D3E29819C164B500FDD426 /* Debug */ = {
			isa = XCBuildConfiguration;
			buildSettings = {
				ALWAYS_SEARCH_USER_PATHS = NO;
				CLANG_CXX_LANGUAGE_STANDARD = "gnu++0x";
				CLANG_CXX_LIBRARY = "libc++";
				CLANG_ENABLE_MODULES = YES;
				CLANG_ENABLE_OBJC_ARC = YES;
				CLANG_WARN_BOOL_CONVERSION = YES;
				CLANG_WARN_CONSTANT_CONVERSION = YES;
				CLANG_WARN_DIRECT_OBJC_ISA_USAGE = YES_ERROR;
				CLANG_WARN_EMPTY_BODY = YES;
				CLANG_WARN_ENUM_CONVERSION = YES;
				CLANG_WARN_INT_CONVERSION = YES;
				CLANG_WARN_OBJC_ROOT_CLASS = YES_ERROR;
				CLANG_WARN__DUPLICATE_METHOD_MATCH = YES;
				"CODE_SIGN_IDENTITY[sdk=iphoneos*]" = "iPhone Developer";
				COPY_PHASE_STRIP = NO;
				GCC_C_LANGUAGE_STANDARD = gnu99;
				GCC_DYNAMIC_NO_PIC = NO;
				GCC_OPTIMIZATION_LEVEL = 0;
				GCC_PREPROCESSOR_DEFINITIONS = (
					"DEBUG=1",
					"$(inherited)",
				);
				GCC_SYMBOLS_PRIVATE_EXTERN = NO;
				GCC_WARN_64_TO_32_BIT_CONVERSION = YES;
				GCC_WARN_ABOUT_RETURN_TYPE = YES_ERROR;
				GCC_WARN_UNDECLARED_SELECTOR = YES;
				GCC_WARN_UNINITIALIZED_AUTOS = YES_AGGRESSIVE;
				GCC_WARN_UNUSED_FUNCTION = YES;
				GCC_WARN_UNUSED_VARIABLE = YES;
				IPHONEOS_DEPLOYMENT_TARGET = 7.1;
				ONLY_ACTIVE_ARCH = YES;
				SDKROOT = iphoneos;
			};
			name = Debug;
		};
		74D3E29919C164B500FDD426 /* Release */ = {
			isa = XCBuildConfiguration;
			buildSettings = {
				ALWAYS_SEARCH_USER_PATHS = NO;
				CLANG_CXX_LANGUAGE_STANDARD = "gnu++0x";
				CLANG_CXX_LIBRARY = "libc++";
				CLANG_ENABLE_MODULES = YES;
				CLANG_ENABLE_OBJC_ARC = YES;
				CLANG_WARN_BOOL_CONVERSION = YES;
				CLANG_WARN_CONSTANT_CONVERSION = YES;
				CLANG_WARN_DIRECT_OBJC_ISA_USAGE = YES_ERROR;
				CLANG_WARN_EMPTY_BODY = YES;
				CLANG_WARN_ENUM_CONVERSION = YES;
				CLANG_WARN_INT_CONVERSION = YES;
				CLANG_WARN_OBJC_ROOT_CLASS = YES_ERROR;
				CLANG_WARN__DUPLICATE_METHOD_MATCH = YES;
				"CODE_SIGN_IDENTITY[sdk=iphoneos*]" = "iPhone Developer";
				COPY_PHASE_STRIP = YES;
				ENABLE_NS_ASSERTIONS = NO;
				GCC_C_LANGUAGE_STANDARD = gnu99;
				GCC_WARN_64_TO_32_BIT_CONVERSION = YES;
				GCC_WARN_ABOUT_RETURN_TYPE = YES_ERROR;
				GCC_WARN_UNDECLARED_SELECTOR = YES;
				GCC_WARN_UNINITIALIZED_AUTOS = YES_AGGRESSIVE;
				GCC_WARN_UNUSED_FUNCTION = YES;
				GCC_WARN_UNUSED_VARIABLE = YES;
				IPHONEOS_DEPLOYMENT_TARGET = 7.1;
				SDKROOT = iphoneos;
				VALIDATE_PRODUCT = YES;
			};
			name = Release;
		};
		74D3E29B19C164B500FDD426 /* Debug */ = {
			isa = XCBuildConfiguration;
			buildSettings = {
				ASSETCATALOG_COMPILER_APPICON_NAME = AppIcon;
				ASSETCATALOG_COMPILER_LAUNCHIMAGE_NAME = LaunchImage;
				GCC_PRECOMPILE_PREFIX_HEADER = YES;
				GCC_PREFIX_HEADER = "ViewTest/ViewTest-Prefix.pch";
				INFOPLIST_FILE = "ViewTest/ViewTest-Info.plist";
				PRODUCT_NAME = "$(TARGET_NAME)";
				WRAPPER_EXTENSION = app;
			};
			name = Debug;
		};
		74D3E29C19C164B500FDD426 /* Release */ = {
			isa = XCBuildConfiguration;
			buildSettings = {
				ASSETCATALOG_COMPILER_APPICON_NAME = AppIcon;
				ASSETCATALOG_COMPILER_LAUNCHIMAGE_NAME = LaunchImage;
				GCC_PRECOMPILE_PREFIX_HEADER = YES;
				GCC_PREFIX_HEADER = "ViewTest/ViewTest-Prefix.pch";
				INFOPLIST_FILE = "ViewTest/ViewTest-Info.plist";
				PRODUCT_NAME = "$(TARGET_NAME)";
				WRAPPER_EXTENSION = app;
			};
			name = Release;
		};
		74D3E29E19C164B500FDD426 /* Debug */ = {
			isa = XCBuildConfiguration;
			buildSettings = {
				BUNDLE_LOADER = "$(BUILT_PRODUCTS_DIR)/ViewTest.app/ViewTest";
				FRAMEWORK_SEARCH_PATHS = (
					"$(SDKROOT)/Developer/Library/Frameworks",
					"$(inherited)",
					"$(DEVELOPER_FRAMEWORKS_DIR)",
				);
				GCC_PRECOMPILE_PREFIX_HEADER = YES;
				GCC_PREFIX_HEADER = "ViewTest/ViewTest-Prefix.pch";
				GCC_PREPROCESSOR_DEFINITIONS = (
					"DEBUG=1",
					"$(inherited)",
				);
				INFOPLIST_FILE = "ViewTestTests/ViewTestTests-Info.plist";
				PRODUCT_NAME = "$(TARGET_NAME)";
				TEST_HOST = "$(BUNDLE_LOADER)";
				WRAPPER_EXTENSION = xctest;
			};
			name = Debug;
		};
		74D3E29F19C164B500FDD426 /* Release */ = {
			isa = XCBuildConfiguration;
			buildSettings = {
				BUNDLE_LOADER = "$(BUILT_PRODUCTS_DIR)/ViewTest.app/ViewTest";
				FRAMEWORK_SEARCH_PATHS = (
					"$(SDKROOT)/Developer/Library/Frameworks",
					"$(inherited)",
					"$(DEVELOPER_FRAMEWORKS_DIR)",
				);
				GCC_PRECOMPILE_PREFIX_HEADER = YES;
				GCC_PREFIX_HEADER = "ViewTest/ViewTest-Prefix.pch";
				INFOPLIST_FILE = "ViewTestTests/ViewTestTests-Info.plist";
				PRODUCT_NAME = "$(TARGET_NAME)";
				TEST_HOST = "$(BUNDLE_LOADER)";
				WRAPPER_EXTENSION = xctest;
			};
			name = Release;
		};
/* End XCBuildConfiguration section */

/* Begin XCConfigurationList section */
		74D3E26919C164B400FDD426 /* Build configuration list for PBXProject "ViewTest" */ = {
			isa = XCConfigurationList;
			buildConfigurations = (
				74D3E29819C164B500FDD426 /* Debug */,
				74D3E29919C164B500FDD426 /* Release */,
			);
			defaultConfigurationIsVisible = 0;
			defaultConfigurationName = Release;
		};
		74D3E29A19C164B500FDD426 /* Build configuration list for PBXNativeTarget "ViewTest" */ = {
			isa = XCConfigurationList;
			buildConfigurations = (
				74D3E29B19C164B500FDD426 /* Debug */,
				74D3E29C19C164B500FDD426 /* Release */,
			);
			defaultConfigurationIsVisible = 0;
		};
		74D3E29D19C164B500FDD426 /* Build configuration list for PBXNativeTarget "ViewTestTests" */ = {
			isa = XCConfigurationList;
			buildConfigurations = (
				74D3E29E19C164B500FDD426 /* Debug */,
				74D3E29F19C164B500FDD426 /* Release */,
			);
			defaultConfigurationIsVisible = 0;
		};
/* End XCConfigurationList section */
	};
	rootObject = 74D3E26619C164B400FDD426 /* Project object */;
}
